
Microsoft Visual Studio Solution File, Format Version 12.00
# Visual Studio 15
Project("{FAE04EC0-301F-11D3-BF4B-00C04F79EFBC}") = "Assembly-CSharp", "Assembly-CSharp.csproj", "{4EB283F2-C0E9-7EC8-C10A-5851D8373AF1}"
EndProject
Project("{FAE04EC0-301F-11D3-BF4B-00C04F79EFBC}") = "Assembly-CSharp-firstpass", "Assembly-CSharp-firstpass.csproj", "{1F30A37B-2EC1-63A5-18F0-9CD0078BFC98}"
EndProject
Project("{FAE04EC0-301F-11D3-BF4B-00C04F79EFBC}") = "Assembly-CSharp-Editor-firstpass", "Assembly-CSharp-Editor-firstpass.csproj", "{6B5E375D-C0BE-5D25-1F86-BD3ADFEBED53}"
EndProject
Global
	GlobalSection(SolutionConfigurationPlatforms) = preSolution
		Debug|Any CPU = Debug|Any CPU
		Release|Any CPU = Release|Any CPU
	EndGlobalSection
	GlobalSection(ProjectConfigurationPlatforms) = postSolution
		{4EB283F2-C0E9-7EC8-C10A-5851D8373AF1}.Debug|Any CPU.ActiveCfg = Debug|Any CPU
		{4EB283F2-C0E9-7EC8-C10A-5851D8373AF1}.Debug|Any CPU.Build.0 = Debug|Any CPU
		{4EB283F2-C0E9-7EC8-C10A-5851D8373AF1}.Release|Any CPU.ActiveCfg = Release|Any CPU
		{4EB283F2-C0E9-7EC8-C10A-5851D8373AF1}.Release|Any CPU.Build.0 = Release|Any CPU
		{1F30A37B-2EC1-63A5-18F0-9CD0078BFC98}.Debug|Any CPU.ActiveCfg = Debug|Any CPU
		{1F30A37B-2EC1-63A5-18F0-9CD0078BFC98}.Debug|Any CPU.Build.0 = Debug|Any CPU
		{1F30A37B-2EC1-63A5-18F0-9CD0078BFC98}.Release|Any CPU.ActiveCfg = Release|Any CPU
		{1F30A37B-2EC1-63A5-18F0-9CD0078BFC98}.Release|Any CPU.Build.0 = Release|Any CPU
		{6B5E375D-C0BE-5D25-1F86-BD3ADFEBED53}.Debug|Any CPU.ActiveCfg = Debug|Any CPU
		{6B5E375D-C0BE-5D25-1F86-BD3ADFEBED53}.Debug|Any CPU.Build.0 = Debug|Any CPU
		{6B5E375D-C0BE-5D25-1F86-BD3ADFEBED53}.Release|Any CPU.ActiveCfg = Release|Any CPU
		{6B5E375D-C0BE-5D25-1F86-BD3ADFEBED53}.Release|Any CPU.Build.0 = Release|Any CPU
	EndGlobalSection
	GlobalSection(SolutionProperties) = preSolution
		HideSolutionNode = FALSE
	EndGlobalSection
EndGlobal
