
Microsoft Visual Studio Solution File, Format Version 12.00
# Visual Studio 15
Project("{FAE04EC0-301F-11D3-BF4B-00C04F79EFBC}") = "Assembly-CSharp", "Assembly-CSharp.csproj", "{E250994D-E574-EEF7-85A4-8A88A3893B30}"
EndProject
Project("{FAE04EC0-301F-11D3-BF4B-00C04F79EFBC}") = "Assembly-CSharp-firstpass", "Assembly-CSharp-firstpass.csproj", "{AC88093C-83BE-2257-99B5-23C2A65946A0}"
EndProject
Project("{FAE04EC0-301F-11D3-BF4B-00C04F79EFBC}") = "Assembly-CSharp-Editor-firstpass", "Assembly-CSharp-Editor-firstpass.csproj", "{57FE9661-CE6C-BD1F-34D9-746B86D16B0D}"
EndProject
Global
	GlobalSection(SolutionConfigurationPlatforms) = preSolution
		Debug|Any CPU = Debug|Any CPU
		Release|Any CPU = Release|Any CPU
	EndGlobalSection
	GlobalSection(ProjectConfigurationPlatforms) = postSolution
		{E250994D-E574-EEF7-85A4-8A88A3893B30}.Debug|Any CPU.ActiveCfg = Debug|Any CPU
		{E250994D-E574-EEF7-85A4-8A88A3893B30}.Debug|Any CPU.Build.0 = Debug|Any CPU
		{E250994D-E574-EEF7-85A4-8A88A3893B30}.Release|Any CPU.ActiveCfg = Release|Any CPU
		{E250994D-E574-EEF7-85A4-8A88A3893B30}.Release|Any CPU.Build.0 = Release|Any CPU
		{AC88093C-83BE-2257-99B5-23C2A65946A0}.Debug|Any CPU.ActiveCfg = Debug|Any CPU
		{AC88093C-83BE-2257-99B5-23C2A65946A0}.Debug|Any CPU.Build.0 = Debug|Any CPU
		{AC88093C-83BE-2257-99B5-23C2A65946A0}.Release|Any CPU.ActiveCfg = Release|Any CPU
		{AC88093C-83BE-2257-99B5-23C2A65946A0}.Release|Any CPU.Build.0 = Release|Any CPU
		{57FE9661-CE6C-BD1F-34D9-746B86D16B0D}.Debug|Any CPU.ActiveCfg = Debug|Any CPU
		{57FE9661-CE6C-BD1F-34D9-746B86D16B0D}.Debug|Any CPU.Build.0 = Debug|Any CPU
		{57FE9661-CE6C-BD1F-34D9-746B86D16B0D}.Release|Any CPU.ActiveCfg = Release|Any CPU
		{57FE9661-CE6C-BD1F-34D9-746B86D16B0D}.Release|Any CPU.Build.0 = Release|Any CPU
	EndGlobalSection
	GlobalSection(SolutionProperties) = preSolution
		HideSolutionNode = FALSE
	EndGlobalSection
EndGlobal
